{
  "name": "rp-codemirror",
  "version": "1.0.0",
  "lockfileVersion": 1,
  "requires": true,
  "dependencies": {
    "@types/codemirror": {
      "version": "0.0.77",
      "resolved": "https://registry.npmjs.org/@types/codemirror/-/codemirror-0.0.77.tgz",
      "integrity": "sha512-nfjRJpAXgkT075jztMp92Ol2b7w7JrDvpfBU70GfVhpfdpWiZi6NqVIO3STGNzWl77/iJkTu2ZSg6hQobrEadg==",
      "dev": true,
      "requires": {
        "@types/tern": "*"
      }
    },
    "@types/estree": {
      "version": "0.0.39",
      "resolved": "https://registry.npmjs.org/@types/estree/-/estree-0.0.39.tgz",
      "integrity": "sha512-EYNwp3bU+98cpU4lAWYYL7Zz+2gryWH1qbdDTidVd6hkiR6weksdbMadyXKXNPEkQFhXM+hVO9ZygomHXp+AIw==",
      "dev": true
    },
    "@types/tern": {
      "version": "0.23.3",
      "resolved": "https://registry.npmjs.org/@types/tern/-/tern-0.23.3.tgz",
      "integrity": "sha512-imDtS4TAoTcXk0g7u4kkWqedB3E4qpjXzCpD2LU5M5NAXHzCDsypyvXSaG7mM8DKYkCRa7tFp4tS/lp/Wo7Q3w==",
      "dev": true,
      "requires": {
        "@types/estree": "*"
      }
    }
  }
}
